
Microsoft Visual Studio Solution File, Format Version 12.00
# Visual Studio Version 16
VisualStudioVersion = 16.0.30309.148
MinimumVisualStudioVersion = 10.0.40219.1
Project("{FAE04EC0-301F-11D3-BF4B-00C04F79EFBC}") = "PrimeraAplicacaion", "PrimeraAplicacaion\PrimeraAplicacaion.csproj", "{3787A298-3830-4545-94F2-4B290983194D}"
EndProject
Global
	GlobalSection(SolutionConfigurationPlatforms) = preSolution
		Debug|Any CPU = Debug|Any CPU
		Release|Any CPU = Release|Any CPU
	EndGlobalSection
	GlobalSection(ProjectConfigurationPlatforms) = postSolution
		{3787A298-3830-4545-94F2-4B290983194D}.Debug|Any CPU.ActiveCfg = Debug|Any CPU
		{3787A298-3830-4545-94F2-4B290983194D}.Debug|Any CPU.Build.0 = Debug|Any CPU
		{3787A298-3830-4545-94F2-4B290983194D}.Release|Any CPU.ActiveCfg = Release|Any CPU
		{3787A298-3830-4545-94F2-4B290983194D}.Release|Any CPU.Build.0 = Release|Any CPU
	EndGlobalSection
	GlobalSection(SolutionProperties) = preSolution
		HideSolutionNode = FALSE
	EndGlobalSection
	GlobalSection(ExtensibilityGlobals) = postSolution
		SolutionGuid = {F360C3B9-268C-4E8F-B779-75B533B04F08}
	EndGlobalSection
EndGlobal
